
Microsoft Visual Studio Solution File, Format Version 12.00
# Visual Studio Version 16
VisualStudioVersion = 16.0.30317.65
MinimumVisualStudioVersion = 10.0.40219.1
Project("{FAE04EC0-301F-11D3-BF4B-00C04F79EFBC}") = "XamarinApp.UWP", "XamarinApp.UWP\XamarinApp.UWP.csproj", "{0F661606-63E9-4DE2-8454-500AF74839EE}"
EndProject
Project("{FAE04EC0-301F-11D3-BF4B-00C04F79EFBC}") = "XamarinApp.Android", "XamarinApp.Android\XamarinApp.Android.csproj", "{D3248B0C-3F05-4755-BA1A-CB197CEB535D}"
EndProject
Project("{9A19103F-16F7-4668-BE54-9A1E7A4F7556}") = "XamarinApp", "XamarinApp\XamarinApp.csproj", "{B262A99E-5560-4D4E-8B27-D30C6387DEAB}"
EndProject
Project("{9A19103F-16F7-4668-BE54-9A1E7A4F7556}") = "XamarinApp.Wasm", "XamarinApp.Wasm\XamarinApp.Wasm.csproj", "{B078E8A4-C796-4AB0-B79B-8FCCCE21EFE3}"
EndProject
Global
	GlobalSection(SolutionConfigurationPlatforms) = preSolution
		Debug|Any CPU = Debug|Any CPU
		Debug|ARM = Debug|ARM
		Debug|iPhone = Debug|iPhone
		Debug|iPhoneSimulator = Debug|iPhoneSimulator
		Debug|x64 = Debug|x64
		Debug|x86 = Debug|x86
		Release|Any CPU = Release|Any CPU
		Release|ARM = Release|ARM
		Release|iPhone = Release|iPhone
		Release|iPhoneSimulator = Release|iPhoneSimulator
		Release|x64 = Release|x64
		Release|x86 = Release|x86
	EndGlobalSection
	GlobalSection(ProjectConfigurationPlatforms) = postSolution
		{0F661606-63E9-4DE2-8454-500AF74839EE}.Debug|Any CPU.ActiveCfg = Debug|x86
		{0F661606-63E9-4DE2-8454-500AF74839EE}.Debug|Any CPU.Build.0 = Debug|x86
		{0F661606-63E9-4DE2-8454-500AF74839EE}.Debug|Any CPU.Deploy.0 = Debug|x86
		{0F661606-63E9-4DE2-8454-500AF74839EE}.Debug|ARM.ActiveCfg = Debug|ARM
		{0F661606-63E9-4DE2-8454-500AF74839EE}.Debug|ARM.Build.0 = Debug|ARM
		{0F661606-63E9-4DE2-8454-500AF74839EE}.Debug|ARM.Deploy.0 = Debug|ARM
		{0F661606-63E9-4DE2-8454-500AF74839EE}.Debug|iPhone.ActiveCfg = Debug|x86
		{0F661606-63E9-4DE2-8454-500AF74839EE}.Debug|iPhone.Build.0 = Debug|x86
		{0F661606-63E9-4DE2-8454-500AF74839EE}.Debug|iPhone.Deploy.0 = Debug|x86
		{0F661606-63E9-4DE2-8454-500AF74839EE}.Debug|iPhoneSimulator.ActiveCfg = Debug|x86
		{0F661606-63E9-4DE2-8454-500AF74839EE}.Debug|iPhoneSimulator.Build.0 = Debug|x86
		{0F661606-63E9-4DE2-8454-500AF74839EE}.Debug|iPhoneSimulator.Deploy.0 = Debug|x86
		{0F661606-63E9-4DE2-8454-500AF74839EE}.Debug|x64.ActiveCfg = Debug|x64
		{0F661606-63E9-4DE2-8454-500AF74839EE}.Debug|x64.Build.0 = Debug|x64
		{0F661606-63E9-4DE2-8454-500AF74839EE}.Debug|x64.Deploy.0 = Debug|x64
		{0F661606-63E9-4DE2-8454-500AF74839EE}.Debug|x86.ActiveCfg = Debug|x86
		{0F661606-63E9-4DE2-8454-500AF74839EE}.Debug|x86.Build.0 = Debug|x86
		{0F661606-63E9-4DE2-8454-500AF74839EE}.Debug|x86.Deploy.0 = Debug|x86
		{0F661606-63E9-4DE2-8454-500AF74839EE}.Release|Any CPU.ActiveCfg = Release|x86
		{0F661606-63E9-4DE2-8454-500AF74839EE}.Release|Any CPU.Build.0 = Release|x86
		{0F661606-63E9-4DE2-8454-500AF74839EE}.Release|Any CPU.Deploy.0 = Release|x86
		{0F661606-63E9-4DE2-8454-500AF74839EE}.Release|ARM.ActiveCfg = Release|ARM
		{0F661606-63E9-4DE2-8454-500AF74839EE}.Release|ARM.Build.0 = Release|ARM
		{0F661606-63E9-4DE2-8454-500AF74839EE}.Release|ARM.Deploy.0 = Release|ARM
		{0F661606-63E9-4DE2-8454-500AF74839EE}.Release|iPhone.ActiveCfg = Release|x86
		{0F661606-63E9-4DE2-8454-500AF74839EE}.Release|iPhone.Build.0 = Release|x86
		{0F661606-63E9-4DE2-8454-500AF74839EE}.Release|iPhone.Deploy.0 = Release|x86
		{0F661606-63E9-4DE2-8454-500AF74839EE}.Release|iPhoneSimulator.ActiveCfg = Release|x86
		{0F661606-63E9-4DE2-8454-500AF74839EE}.Release|iPhoneSimulator.Build.0 = Release|x86
		{0F661606-63E9-4DE2-8454-500AF74839EE}.Release|iPhoneSimulator.Deploy.0 = Release|x86
		{0F661606-63E9-4DE2-8454-500AF74839EE}.Release|x64.ActiveCfg = Release|x64
		{0F661606-63E9-4DE2-8454-500AF74839EE}.Release|x64.Build.0 = Release|x64
		{0F661606-63E9-4DE2-8454-500AF74839EE}.Release|x64.Deploy.0 = Release|x64
		{0F661606-63E9-4DE2-8454-500AF74839EE}.Release|x86.ActiveCfg = Release|x86
		{0F661606-63E9-4DE2-8454-500AF74839EE}.Release|x86.Build.0 = Release|x86
		{0F661606-63E9-4DE2-8454-500AF74839EE}.Release|x86.Deploy.0 = Release|x86
		{D3248B0C-3F05-4755-BA1A-CB197CEB535D}.Debug|Any CPU.ActiveCfg = Debug|Any CPU
		{D3248B0C-3F05-4755-BA1A-CB197CEB535D}.Debug|Any CPU.Build.0 = Debug|Any CPU
		{D3248B0C-3F05-4755-BA1A-CB197CEB535D}.Debug|Any CPU.Deploy.0 = Debug|Any CPU
		{D3248B0C-3F05-4755-BA1A-CB197CEB535D}.Debug|ARM.ActiveCfg = Debug|Any CPU
		{D3248B0C-3F05-4755-BA1A-CB197CEB535D}.Debug|ARM.Build.0 = Debug|Any CPU
		{D3248B0C-3F05-4755-BA1A-CB197CEB535D}.Debug|ARM.Deploy.0 = Debug|Any CPU
		{D3248B0C-3F05-4755-BA1A-CB197CEB535D}.Debug|iPhone.ActiveCfg = Debug|Any CPU
		{D3248B0C-3F05-4755-BA1A-CB197CEB535D}.Debug|iPhone.Build.0 = Debug|Any CPU
		{D3248B0C-3F05-4755-BA1A-CB197CEB535D}.Debug|iPhone.Deploy.0 = Debug|Any CPU
		{D3248B0C-3F05-4755-BA1A-CB197CEB535D}.Debug|iPhoneSimulator.ActiveCfg = Debug|Any CPU
		{D3248B0C-3F05-4755-BA1A-CB197CEB535D}.Debug|iPhoneSimulator.Build.0 = Debug|Any CPU
		{D3248B0C-3F05-4755-BA1A-CB197CEB535D}.Debug|iPhoneSimulator.Deploy.0 = Debug|Any CPU
		{D3248B0C-3F05-4755-BA1A-CB197CEB535D}.Debug|x64.ActiveCfg = Debug|Any CPU
		{D3248B0C-3F05-4755-BA1A-CB197CEB535D}.Debug|x64.Build.0 = Debug|Any CPU
		{D3248B0C-3F05-4755-BA1A-CB197CEB535D}.Debug|x64.Deploy.0 = Debug|Any CPU
		{D3248B0C-3F05-4755-BA1A-CB197CEB535D}.Debug|x86.ActiveCfg = Debug|Any CPU
		{D3248B0C-3F05-4755-BA1A-CB197CEB535D}.Debug|x86.Build.0 = Debug|Any CPU
		{D3248B0C-3F05-4755-BA1A-CB197CEB535D}.Debug|x86.Deploy.0 = Debug|Any CPU
		{D3248B0C-3F05-4755-BA1A-CB197CEB535D}.Release|Any CPU.ActiveCfg = Release|Any CPU
		{D3248B0C-3F05-4755-BA1A-CB197CEB535D}.Release|Any CPU.Build.0 = Release|Any CPU
		{D3248B0C-3F05-4755-BA1A-CB197CEB535D}.Release|Any CPU.Deploy.0 = Release|Any CPU
		{D3248B0C-3F05-4755-BA1A-CB197CEB535D}.Release|ARM.ActiveCfg = Release|Any CPU
		{D3248B0C-3F05-4755-BA1A-CB197CEB535D}.Release|ARM.Build.0 = Release|Any CPU
		{D3248B0C-3F05-4755-BA1A-CB197CEB535D}.Release|ARM.Deploy.0 = Release|Any CPU
		{D3248B0C-3F05-4755-BA1A-CB197CEB535D}.Release|iPhone.ActiveCfg = Release|Any CPU
		{D3248B0C-3F05-4755-BA1A-CB197CEB535D}.Release|iPhone.Build.0 = Release|Any CPU
		{D3248B0C-3F05-4755-BA1A-CB197CEB535D}.Release|iPhone.Deploy.0 = Release|Any CPU
		{D3248B0C-3F05-4755-BA1A-CB197CEB535D}.Release|iPhoneSimulator.ActiveCfg = Release|Any CPU
		{D3248B0C-3F05-4755-BA1A-CB197CEB535D}.Release|iPhoneSimulator.Build.0 = Release|Any CPU
		{D3248B0C-3F05-4755-BA1A-CB197CEB535D}.Release|iPhoneSimulator.Deploy.0 = Release|Any CPU
		{D3248B0C-3F05-4755-BA1A-CB197CEB535D}.Release|x64.ActiveCfg = Release|Any CPU
		{D3248B0C-3F05-4755-BA1A-CB197CEB535D}.Release|x64.Build.0 = Release|Any CPU
		{D3248B0C-3F05-4755-BA1A-CB197CEB535D}.Release|x64.Deploy.0 = Release|Any CPU
		{D3248B0C-3F05-4755-BA1A-CB197CEB535D}.Release|x86.ActiveCfg = Release|Any CPU
		{D3248B0C-3F05-4755-BA1A-CB197CEB535D}.Release|x86.Build.0 = Release|Any CPU
		{D3248B0C-3F05-4755-BA1A-CB197CEB535D}.Release|x86.Deploy.0 = Release|Any CPU
		{B262A99E-5560-4D4E-8B27-D30C6387DEAB}.Debug|Any CPU.ActiveCfg = Debug|Any CPU
		{B262A99E-5560-4D4E-8B27-D30C6387DEAB}.Debug|Any CPU.Build.0 = Debug|Any CPU
		{B262A99E-5560-4D4E-8B27-D30C6387DEAB}.Debug|Any CPU.Deploy.0 = Debug|Any CPU
		{B262A99E-5560-4D4E-8B27-D30C6387DEAB}.Debug|ARM.ActiveCfg = Debug|Any CPU
		{B262A99E-5560-4D4E-8B27-D30C6387DEAB}.Debug|ARM.Build.0 = Debug|Any CPU
		{B262A99E-5560-4D4E-8B27-D30C6387DEAB}.Debug|ARM.Deploy.0 = Debug|Any CPU
		{B262A99E-5560-4D4E-8B27-D30C6387DEAB}.Debug|iPhone.ActiveCfg = Debug|Any CPU
		{B262A99E-5560-4D4E-8B27-D30C6387DEAB}.Debug|iPhone.Build.0 = Debug|Any CPU
		{B262A99E-5560-4D4E-8B27-D30C6387DEAB}.Debug|iPhone.Deploy.0 = Debug|Any CPU
		{B262A99E-5560-4D4E-8B27-D30C6387DEAB}.Debug|iPhoneSimulator.ActiveCfg = Debug|Any CPU
		{B262A99E-5560-4D4E-8B27-D30C6387DEAB}.Debug|iPhoneSimulator.Build.0 = Debug|Any CPU
		{B262A99E-5560-4D4E-8B27-D30C6387DEAB}.Debug|iPhoneSimulator.Deploy.0 = Debug|Any CPU
		{B262A99E-5560-4D4E-8B27-D30C6387DEAB}.Debug|x64.ActiveCfg = Debug|Any CPU
		{B262A99E-5560-4D4E-8B27-D30C6387DEAB}.Debug|x64.Build.0 = Debug|Any CPU
		{B262A99E-5560-4D4E-8B27-D30C6387DEAB}.Debug|x64.Deploy.0 = Debug|Any CPU
		{B262A99E-5560-4D4E-8B27-D30C6387DEAB}.Debug|x86.ActiveCfg = Debug|Any CPU
		{B262A99E-5560-4D4E-8B27-D30C6387DEAB}.Debug|x86.Build.0 = Debug|Any CPU
		{B262A99E-5560-4D4E-8B27-D30C6387DEAB}.Debug|x86.Deploy.0 = Debug|Any CPU
		{B262A99E-5560-4D4E-8B27-D30C6387DEAB}.Release|Any CPU.ActiveCfg = Release|Any CPU
		{B262A99E-5560-4D4E-8B27-D30C6387DEAB}.Release|Any CPU.Build.0 = Release|Any CPU
		{B262A99E-5560-4D4E-8B27-D30C6387DEAB}.Release|Any CPU.Deploy.0 = Release|Any CPU
		{B262A99E-5560-4D4E-8B27-D30C6387DEAB}.Release|ARM.ActiveCfg = Release|Any CPU
		{B262A99E-5560-4D4E-8B27-D30C6387DEAB}.Release|ARM.Build.0 = Release|Any CPU
		{B262A99E-5560-4D4E-8B27-D30C6387DEAB}.Release|ARM.Deploy.0 = Release|Any CPU
		{B262A99E-5560-4D4E-8B27-D30C6387DEAB}.Release|iPhone.ActiveCfg = Release|Any CPU
		{B262A99E-5560-4D4E-8B27-D30C6387DEAB}.Release|iPhone.Build.0 = Release|Any CPU
		{B262A99E-5560-4D4E-8B27-D30C6387DEAB}.Release|iPhone.Deploy.0 = Release|Any CPU
		{B262A99E-5560-4D4E-8B27-D30C6387DEAB}.Release|iPhoneSimulator.ActiveCfg = Release|Any CPU
		{B262A99E-5560-4D4E-8B27-D30C6387DEAB}.Release|iPhoneSimulator.Build.0 = Release|Any CPU
		{B262A99E-5560-4D4E-8B27-D30C6387DEAB}.Release|iPhoneSimulator.Deploy.0 = Release|Any CPU
		{B262A99E-5560-4D4E-8B27-D30C6387DEAB}.Release|x64.ActiveCfg = Release|Any CPU
		{B262A99E-5560-4D4E-8B27-D30C6387DEAB}.Release|x64.Build.0 = Release|Any CPU
		{B262A99E-5560-4D4E-8B27-D30C6387DEAB}.Release|x64.Deploy.0 = Release|Any CPU
		{B262A99E-5560-4D4E-8B27-D30C6387DEAB}.Release|x86.ActiveCfg = Release|Any CPU
		{B262A99E-5560-4D4E-8B27-D30C6387DEAB}.Release|x86.Build.0 = Release|Any CPU
		{B262A99E-5560-4D4E-8B27-D30C6387DEAB}.Release|x86.Deploy.0 = Release|Any CPU
		{B078E8A4-C796-4AB0-B79B-8FCCCE21EFE3}.Debug|Any CPU.ActiveCfg = Debug|Any CPU
		{B078E8A4-C796-4AB0-B79B-8FCCCE21EFE3}.Debug|Any CPU.Build.0 = Debug|Any CPU
		{B078E8A4-C796-4AB0-B79B-8FCCCE21EFE3}.Debug|ARM.ActiveCfg = Debug|Any CPU
		{B078E8A4-C796-4AB0-B79B-8FCCCE21EFE3}.Debug|ARM.Build.0 = Debug|Any CPU
		{B078E8A4-C796-4AB0-B79B-8FCCCE21EFE3}.Debug|iPhone.ActiveCfg = Debug|Any CPU
		{B078E8A4-C796-4AB0-B79B-8FCCCE21EFE3}.Debug|iPhone.Build.0 = Debug|Any CPU
		{B078E8A4-C796-4AB0-B79B-8FCCCE21EFE3}.Debug|iPhoneSimulator.ActiveCfg = Debug|Any CPU
		{B078E8A4-C796-4AB0-B79B-8FCCCE21EFE3}.Debug|iPhoneSimulator.Build.0 = Debug|Any CPU
		{B078E8A4-C796-4AB0-B79B-8FCCCE21EFE3}.Debug|x64.ActiveCfg = Debug|Any CPU
		{B078E8A4-C796-4AB0-B79B-8FCCCE21EFE3}.Debug|x64.Build.0 = Debug|Any CPU
		{B078E8A4-C796-4AB0-B79B-8FCCCE21EFE3}.Debug|x86.ActiveCfg = Debug|Any CPU
		{B078E8A4-C796-4AB0-B79B-8FCCCE21EFE3}.Debug|x86.Build.0 = Debug|Any CPU
		{B078E8A4-C796-4AB0-B79B-8FCCCE21EFE3}.Release|Any CPU.ActiveCfg = Release|Any CPU
		{B078E8A4-C796-4AB0-B79B-8FCCCE21EFE3}.Release|Any CPU.Build.0 = Release|Any CPU
		{B078E8A4-C796-4AB0-B79B-8FCCCE21EFE3}.Release|ARM.ActiveCfg = Release|Any CPU
		{B078E8A4-C796-4AB0-B79B-8FCCCE21EFE3}.Release|ARM.Build.0 = Release|Any CPU
		{B078E8A4-C796-4AB0-B79B-8FCCCE21EFE3}.Release|iPhone.ActiveCfg = Release|Any CPU
		{B078E8A4-C796-4AB0-B79B-8FCCCE21EFE3}.Release|iPhone.Build.0 = Release|Any CPU
		{B078E8A4-C796-4AB0-B79B-8FCCCE21EFE3}.Release|iPhoneSimulator.ActiveCfg = Release|Any CPU
		{B078E8A4-C796-4AB0-B79B-8FCCCE21EFE3}.Release|iPhoneSimulator.Build.0 = Release|Any CPU
		{B078E8A4-C796-4AB0-B79B-8FCCCE21EFE3}.Release|x64.ActiveCfg = Release|Any CPU
		{B078E8A4-C796-4AB0-B79B-8FCCCE21EFE3}.Release|x64.Build.0 = Release|Any CPU
		{B078E8A4-C796-4AB0-B79B-8FCCCE21EFE3}.Release|x86.ActiveCfg = Release|Any CPU
		{B078E8A4-C796-4AB0-B79B-8FCCCE21EFE3}.Release|x86.Build.0 = Release|Any CPU
	EndGlobalSection
	GlobalSection(SolutionProperties) = preSolution
		HideSolutionNode = FALSE
	EndGlobalSection
	GlobalSection(ExtensibilityGlobals) = postSolution
		SolutionGuid = {19F97F9C-3251-45C8-9947-8D7FD6452A68}
	EndGlobalSection
EndGlobal
